github.com/BurntSushi/toml v0.3.1/go.mod h1:xHWCNGjB5oqiDr8zfno3MHue2Ht5sIBksp03qcyfWMU=
github.com/aws/aws-lambda-go v1.13.1 h1:qVIOD3UrEUo4amwgEBu6AI0CfnBsp71XJEYU05RbQ1k=
github.com/aws/aws-lambda-go v1.13.1/go.mod h1:z4ywteZ5WwbIEzG0tXizIAUlUwkTNNknX4upd5Z5XJM=
github.com/aws/aws-sdk-go v1.18.5/go.mod h1:KmX6BPdI08NWTb3/sm4ZGu5ShLoqVDhKgpiN924inxo=
github.com/aws/aws-sdk-go v1.23.19 h1:QiEkjRHkDXAThgnHKSEC63JwsSjL/jfYUOA2QYFmbSw=
github.com/aws/aws-sdk-go v1.23.19/go.mod h1:KmX6BPdI08NWTb3/sm4ZGu5ShLoqVDhKgpiN924inxo=
github.com/cenkalti/backoff v2.1.1+incompatible h1:tKJnvO2kl0zmb/jA5UKAt4VoEVw1qxKWjE/Bpp46npY=
github.com/cenkalti/backoff v2.1.1+incompatible/go.mod h1:90ReRw6GdpyfrHakVjL/QHaoyV4aDUVVkXQJJJ3NXXM=
github.com/davecgh/go-spew v1.1.0/go.mod h1:J7Y8YcW2NihsgmVo/mv3lAwl/skON4iLHjSsI+c5H38=
github.com/davecgh/go-spew v1.1.1/go.mod h1:J7Y8YcW2NihsgmVo/mv3lAwl/skON4iLHjSsI+c5H38=
github.com/gofrs/uuid v3.2.0+incompatible h1:y12jRkkFxsd7GpqdSZ+/KCs/fJbqpEXSGd4+jfEaewE=
github.com/gofrs/uuid v3.2.0+incompatible/go.mod h1:b2aQJv3Z4Fp6yNu3cdSllBxTCLRxnplIgP/c0N/04lM=
github.com/guregu/dynamo v1.3.1 h1:6Er2ymWOnLezka13fihPJO/VhWivpjbHmzU3p2EWoaM=
github.com/guregu/dynamo v1.3.1/go.mod h1:ZS3tuE64ykQlCnuGfOnAi+ztGZlq0Wo/z5EVQA1fwFY=
github.com/jmespath/go-jmespath v0.0.0-20180206201540-c2b33e8439af h1:pmfjZENx5imkbgOkpRUYLnmbU7UEFbjtDA2hxJ1ichM=
github.com/jmespath/go-jmespath v0.0.0-20180206201540-c2b33e8439af/go.mod h1:Nht3zPeWKUH0NzdCt2Blrr5ys8VGpn0CEB0cQHVjt7k=
github.com/kelseyhightower/envconfig v1.4.0 h1:Im6hONhd3pLkfDFsbRgu68RDNkGF1r3dvMUtDTo2cv8=
github.com/kelseyhightower/envconfig v1.4.0/go.mod h1:cccZRl6mQpaq41TPp5QxidR+Sa3axMbJDNb//FQX6Gg=
github.com/okzk/go-lambda-runner v0.0.0-20190729084245-43d5a8d39613 h1:6EJ2neE3n9VWo1HbVLvqVht2oFsChVti11+M1eQD3rM=
github.com/okzk/go-lambda-runner v0.0.0-20190729084245-43d5a8d39613/go.mod h1:+efn6oD/YfaOKidyr2jkO//hJ8euD8D5XzDxRrFK6LI=
github.com/pmezard/go-difflib v1.0.0/go.mod h1:iKH77koFhYxTK1pcRnkKkqfTogsbg7gZNVY4sRDYZ/4=
github.com/stretchr/objx v0.1.0/go.mod h1:HFkY916IF+rwdDfMAkV7OtwuqBVzrE8GR6GFx+wExME=
github.com/stretchr/testify v1.3.0/go.mod h1:M5WIy9Dh21IEIfnGCwXGc5bZfKNJtfHm1UVUgZn+9EI=
github.com/urfave/cli v1.21.0/go.mod h1:lxDj6qX9Q6lWQxIrbrT0nwecwUtRnhVZAJjJZrVUZZQ=
golang.org/x/crypto v0.0.0-20190308221718-c2843e01d9a2 h1:VklqNMn3ovrHsnt90PveolxSbWFaJdECFbxSq0Mqo2M=
golang.org/x/crypto v0.0.0-20190308221718-c2843e01d9a2/go.mod h1:djNgcEr1/C05ACkg1iLfiJU5Ep61QUkGW8qpdssI0+w=
golang.org/x/net v0.0.0-20190318221613-d196dffd7c2b h1:ZWpVMTsK0ey5WJCu+vVdfMldWq7/ezaOcjnKWIHWVkE=
golang.org/x/net v0.0.0-20190318221613-d196dffd7c2b/go.mod h1:t9HGtf8HONx5eT2rtn7q6eTqICYqUVnKs3thJo3Qplg=
golang.org/x/sys v0.0.0-20190215142949-d0b11bdaac8a h1:1BGLXjeY4akVXGgbC9HugT3Jv3hCI0z56oJR5vAMgBU=
golang.org/x/sys v0.0.0-20190215142949-d0b11bdaac8a/go.mod h1:STP8DvDyc/dI5b8T5hshtkjS+E42TnysNCUPdjciGhY=
golang.org/x/text v0.3.0/go.mod h1:NqM8EUOU14njkJ3fqMW+pc6Ldnwhi/IjpwHt7yyuwOQ=
gopkg.in/check.v1 v0.0.0-20161208181325-20d25e280405/go.mod h1:Co6ibVJAznAaIkqp8huTwlJQCZ016jof/cbN4VW5Yz0=
gopkg.in/yaml.v2 v2.2.2/go.mod h1:hI93XBmqTisBFMUTm0b8Fm+jr3Dg1NNxqwp+5A1VGuI=
